
Microsoft Visual Studio Solution File, Format Version 12.00
# Visual Studio Version 17
VisualStudioVersion = 17.3.32901.215
MinimumVisualStudioVersion = 10.0.40219.1
Project("{FAE04EC0-301F-11D3-BF4B-00C04F79EFBC}") = "Laba8_Interface", "Laba8_Interface\Laba8_Interface.csproj", "{A40F4A81-583E-4BE9-834E-E04D6C54DA05}"
EndProject
Global
	GlobalSection(SolutionConfigurationPlatforms) = preSolution
		Debug|Any CPU = Debug|Any CPU
		Release|Any CPU = Release|Any CPU
	EndGlobalSection
	GlobalSection(ProjectConfigurationPlatforms) = postSolution
		{A40F4A81-583E-4BE9-834E-E04D6C54DA05}.Debug|Any CPU.ActiveCfg = Debug|Any CPU
		{A40F4A81-583E-4BE9-834E-E04D6C54DA05}.Debug|Any CPU.Build.0 = Debug|Any CPU
		{A40F4A81-583E-4BE9-834E-E04D6C54DA05}.Release|Any CPU.ActiveCfg = Release|Any CPU
		{A40F4A81-583E-4BE9-834E-E04D6C54DA05}.Release|Any CPU.Build.0 = Release|Any CPU
	EndGlobalSection
	GlobalSection(SolutionProperties) = preSolution
		HideSolutionNode = FALSE
	EndGlobalSection
	GlobalSection(ExtensibilityGlobals) = postSolution
		SolutionGuid = {10926298-BFCB-4EBD-B6AD-3A7391E04021}
	EndGlobalSection
EndGlobal
